
Microsoft Visual Studio Solution File, Format Version 12.00
# Visual Studio 15
VisualStudioVersion = 15.0.28307.1209
MinimumVisualStudioVersion = 10.0.40219.1
Project("{FAE04EC0-301F-11D3-BF4B-00C04F79EFBC}") = "HZZH", "HZZH\HZZH.csproj", "{EE3A24EC-102F-489B-90BC-62A0528A8E96}"
EndProject
Project("{FAE04EC0-301F-11D3-BF4B-00C04F79EFBC}") = "HzControl", "..\HzControl\HzControl.csproj", "{BBD7A63B-ABA1-4F6D-B95C-17FFC9C244A9}"
EndProject
Project("{FAE04EC0-301F-11D3-BF4B-00C04F79EFBC}") = "ProVisionEbd", "..\ProVisionEbd\ProVisionEbd.csproj", "{F4225786-6417-4E36-95FE-F39484D5544B}"
EndProject
Project("{FAE04EC0-301F-11D3-BF4B-00C04F79EFBC}") = "ProVision", "..\ProVision\ProVision.csproj", "{F2049B64-92AE-48E8-9F6A-BA9E1CC67A37}"
EndProject
Global
	GlobalSection(SolutionConfigurationPlatforms) = preSolution
		Debug|Any CPU = Debug|Any CPU
		Debug|x64 = Debug|x64
		Debug|x86 = Debug|x86
		Release|Any CPU = Release|Any CPU
		Release|x64 = Release|x64
		Release|x86 = Release|x86
	EndGlobalSection
	GlobalSection(ProjectConfigurationPlatforms) = postSolution
		{EE3A24EC-102F-489B-90BC-62A0528A8E96}.Debug|Any CPU.ActiveCfg = Debug|Any CPU
		{EE3A24EC-102F-489B-90BC-62A0528A8E96}.Debug|Any CPU.Build.0 = Debug|Any CPU
		{EE3A24EC-102F-489B-90BC-62A0528A8E96}.Debug|x64.ActiveCfg = Debug|Any CPU
		{EE3A24EC-102F-489B-90BC-62A0528A8E96}.Debug|x64.Build.0 = Debug|Any CPU
		{EE3A24EC-102F-489B-90BC-62A0528A8E96}.Debug|x86.ActiveCfg = Debug|Any CPU
		{EE3A24EC-102F-489B-90BC-62A0528A8E96}.Debug|x86.Build.0 = Debug|Any CPU
		{EE3A24EC-102F-489B-90BC-62A0528A8E96}.Release|Any CPU.ActiveCfg = Release|Any CPU
		{EE3A24EC-102F-489B-90BC-62A0528A8E96}.Release|Any CPU.Build.0 = Release|Any CPU
		{EE3A24EC-102F-489B-90BC-62A0528A8E96}.Release|x64.ActiveCfg = Release|x64
		{EE3A24EC-102F-489B-90BC-62A0528A8E96}.Release|x64.Build.0 = Release|x64
		{EE3A24EC-102F-489B-90BC-62A0528A8E96}.Release|x86.ActiveCfg = Release|Any CPU
		{EE3A24EC-102F-489B-90BC-62A0528A8E96}.Release|x86.Build.0 = Release|Any CPU
		{BBD7A63B-ABA1-4F6D-B95C-17FFC9C244A9}.Debug|Any CPU.ActiveCfg = Debug|Any CPU
		{BBD7A63B-ABA1-4F6D-B95C-17FFC9C244A9}.Debug|Any CPU.Build.0 = Debug|Any CPU
		{BBD7A63B-ABA1-4F6D-B95C-17FFC9C244A9}.Debug|x64.ActiveCfg = Debug|Any CPU
		{BBD7A63B-ABA1-4F6D-B95C-17FFC9C244A9}.Debug|x64.Build.0 = Debug|Any CPU
		{BBD7A63B-ABA1-4F6D-B95C-17FFC9C244A9}.Debug|x86.ActiveCfg = Debug|Any CPU
		{BBD7A63B-ABA1-4F6D-B95C-17FFC9C244A9}.Debug|x86.Build.0 = Debug|Any CPU
		{BBD7A63B-ABA1-4F6D-B95C-17FFC9C244A9}.Release|Any CPU.ActiveCfg = Release|Any CPU
		{BBD7A63B-ABA1-4F6D-B95C-17FFC9C244A9}.Release|Any CPU.Build.0 = Release|Any CPU
		{BBD7A63B-ABA1-4F6D-B95C-17FFC9C244A9}.Release|x64.ActiveCfg = Release|x64
		{BBD7A63B-ABA1-4F6D-B95C-17FFC9C244A9}.Release|x64.Build.0 = Release|x64
		{BBD7A63B-ABA1-4F6D-B95C-17FFC9C244A9}.Release|x86.ActiveCfg = Release|Any CPU
		{BBD7A63B-ABA1-4F6D-B95C-17FFC9C244A9}.Release|x86.Build.0 = Release|Any CPU
		{F4225786-6417-4E36-95FE-F39484D5544B}.Debug|Any CPU.ActiveCfg = Debug|Any CPU
		{F4225786-6417-4E36-95FE-F39484D5544B}.Debug|Any CPU.Build.0 = Debug|Any CPU
		{F4225786-6417-4E36-95FE-F39484D5544B}.Debug|x64.ActiveCfg = Debug|Any CPU
		{F4225786-6417-4E36-95FE-F39484D5544B}.Debug|x64.Build.0 = Debug|Any CPU
		{F4225786-6417-4E36-95FE-F39484D5544B}.Debug|x86.ActiveCfg = Debug|Any CPU
		{F4225786-6417-4E36-95FE-F39484D5544B}.Debug|x86.Build.0 = Debug|Any CPU
		{F4225786-6417-4E36-95FE-F39484D5544B}.Release|Any CPU.ActiveCfg = Release|Any CPU
		{F4225786-6417-4E36-95FE-F39484D5544B}.Release|Any CPU.Build.0 = Release|Any CPU
		{F4225786-6417-4E36-95FE-F39484D5544B}.Release|x64.ActiveCfg = Release|x64
		{F4225786-6417-4E36-95FE-F39484D5544B}.Release|x64.Build.0 = Release|x64
		{F4225786-6417-4E36-95FE-F39484D5544B}.Release|x86.ActiveCfg = Release|Any CPU
		{F4225786-6417-4E36-95FE-F39484D5544B}.Release|x86.Build.0 = Release|Any CPU
		{F2049B64-92AE-48E8-9F6A-BA9E1CC67A37}.Debug|Any CPU.ActiveCfg = Debug|Any CPU
		{F2049B64-92AE-48E8-9F6A-BA9E1CC67A37}.Debug|Any CPU.Build.0 = Debug|Any CPU
		{F2049B64-92AE-48E8-9F6A-BA9E1CC67A37}.Debug|x64.ActiveCfg = Debug|Any CPU
		{F2049B64-92AE-48E8-9F6A-BA9E1CC67A37}.Debug|x64.Build.0 = Debug|Any CPU
		{F2049B64-92AE-48E8-9F6A-BA9E1CC67A37}.Debug|x86.ActiveCfg = Debug|Any CPU
		{F2049B64-92AE-48E8-9F6A-BA9E1CC67A37}.Debug|x86.Build.0 = Debug|Any CPU
		{F2049B64-92AE-48E8-9F6A-BA9E1CC67A37}.Release|Any CPU.ActiveCfg = Release|Any CPU
		{F2049B64-92AE-48E8-9F6A-BA9E1CC67A37}.Release|Any CPU.Build.0 = Release|Any CPU
		{F2049B64-92AE-48E8-9F6A-BA9E1CC67A37}.Release|x64.ActiveCfg = Release|x64
		{F2049B64-92AE-48E8-9F6A-BA9E1CC67A37}.Release|x64.Build.0 = Release|x64
		{F2049B64-92AE-48E8-9F6A-BA9E1CC67A37}.Release|x86.ActiveCfg = Release|Any CPU
		{F2049B64-92AE-48E8-9F6A-BA9E1CC67A37}.Release|x86.Build.0 = Release|Any CPU
	EndGlobalSection
	GlobalSection(SolutionProperties) = preSolution
		HideSolutionNode = FALSE
	EndGlobalSection
	GlobalSection(ExtensibilityGlobals) = postSolution
		SolutionGuid = {4171A4F6-A52A-4A21-B902-24AEFB7D6614}
	EndGlobalSection
EndGlobal
